// !$*UTF8*$!
{
	archiveVersion = 1;
	classes = {
	};
	objectVersion = 46;
	objects = {

/* Begin PBXBuildFile section */
		570106491FDF787D00062722 /* main.m in Sources */ = {isa = PBXBuildFile; fileRef = 570106481FDF787D00062722 /* main.m */; };
		5701064C1FDF787D00062722 /* AppDelegate.m in Sources */ = {isa = PBXBuildFile; fileRef = 5701064B1FDF787D00062722 /* AppDelegate.m */; };
		570106541FDF787D00062722 /* Assets.xcassets in Resources */ = {isa = PBXBuildFile; fileRef = 570106531FDF787D00062722 /* Assets.xcassets */; };
		570106571FDF787D00062722 /* LaunchScreen.storyboard in Resources */ = {isa = PBXBuildFile; fileRef = 570106551FDF787D00062722 /* LaunchScreen.storyboard */; };
		570106621FDF787D00062722 /* VastNewsTests.m in Sources */ = {isa = PBXBuildFile; fileRef = 570106611FDF787D00062722 /* VastNewsTests.m */; };
		5701066D1FDF787D00062722 /* VastNewsUITests.m in Sources */ = {isa = PBXBuildFile; fileRef = 5701066C1FDF787D00062722 /* VastNewsUITests.m */; };
		5701067C1FDF799B00062722 /* RCTabbarController.m in Sources */ = {isa = PBXBuildFile; fileRef = 5701067B1FDF799B00062722 /* RCTabbarController.m */; };
		5701068D1FDF848000062722 /* RCNewsViewController.m in Sources */ = {isa = PBXBuildFile; fileRef = 5701068C1FDF848000062722 /* RCNewsViewController.m */; };
		570106901FDF849700062722 /* RCONEViewController.m in Sources */ = {isa = PBXBuildFile; fileRef = 5701068F1FDF849700062722 /* RCONEViewController.m */; };
		570106931FDF8CF000062722 /* RCNewsTypeView.m in Sources */ = {isa = PBXBuildFile; fileRef = 570106921FDF8CF000062722 /* RCNewsTypeView.m */; };
		570106961FE155AE00062722 /* RCNewsTableView.m in Sources */ = {isa = PBXBuildFile; fileRef = 570106951FE155AE00062722 /* RCNewsTableView.m */; };
		570106991FE156C900062722 /* RCNewsADView.m in Sources */ = {isa = PBXBuildFile; fileRef = 570106981FE156C900062722 /* RCNewsADView.m */; };
		5701069C1FE159B100062722 /* RCNewsTableViewCell.m in Sources */ = {isa = PBXBuildFile; fileRef = 5701069B1FE159B100062722 /* RCNewsTableViewCell.m */; };
		578F06D91FE2660B00972CF1 /* NSTimer+RcAdViewUnretain.m in Sources */ = {isa = PBXBuildFile; fileRef = 578F06D81FE2660B00972CF1 /* NSTimer+RcAdViewUnretain.m */; };
		578F06EA1FEA0FAC00972CF1 /* AFHTTPSessionManager.m in Sources */ = {isa = PBXBuildFile; fileRef = 578F06DE1FEA0FAC00972CF1 /* AFHTTPSessionManager.m */; };
		578F06EB1FEA0FAC00972CF1 /* AFNetworkReachabilityManager.m in Sources */ = {isa = PBXBuildFile; fileRef = 578F06E11FEA0FAC00972CF1 /* AFNetworkReachabilityManager.m */; };
		578F06EC1FEA0FAC00972CF1 /* AFSecurityPolicy.m in Sources */ = {isa = PBXBuildFile; fileRef = 578F06E31FEA0FAC00972CF1 /* AFSecurityPolicy.m */; };
		578F06ED1FEA0FAC00972CF1 /* AFURLRequestSerialization.m in Sources */ = {isa = PBXBuildFile; fileRef = 578F06E51FEA0FAC00972CF1 /* AFURLRequestSerialization.m */; };
		578F06EE1FEA0FAC00972CF1 /* AFURLResponseSerialization.m in Sources */ = {isa = PBXBuildFile; fileRef = 578F06E71FEA0FAC00972CF1 /* AFURLResponseSerialization.m */; };
		578F06EF1FEA0FAC00972CF1 /* AFURLSessionManager.m in Sources */ = {isa = PBXBuildFile; fileRef = 578F06E91FEA0FAC00972CF1 /* AFURLSessionManager.m */; };
		578F06F21FEA8D7600972CF1 /* RCNewsDetailViewController.m in Sources */ = {isa = PBXBuildFile; fileRef = 578F06F11FEA8D7600972CF1 /* RCNewsDetailViewController.m */; };
		578F06F51FFB710800972CF1 /* RCOneView.m in Sources */ = {isa = PBXBuildFile; fileRef = 578F06F41FFB710700972CF1 /* RCOneView.m */; };
		578F07101FFB721D00972CF1 /* MASCompositeConstraint.m in Sources */ = {isa = PBXBuildFile; fileRef = 578F06F81FFB721D00972CF1 /* MASCompositeConstraint.m */; };
		578F07111FFB721D00972CF1 /* MASConstraint.m in Sources */ = {isa = PBXBuildFile; fileRef = 578F06FB1FFB721D00972CF1 /* MASConstraint.m */; };
		578F07121FFB721D00972CF1 /* MASConstraintMaker.m in Sources */ = {isa = PBXBuildFile; fileRef = 578F06FD1FFB721D00972CF1 /* MASConstraintMaker.m */; };
		578F07131FFB721D00972CF1 /* MASLayoutConstraint.m in Sources */ = {isa = PBXBuildFile; fileRef = 578F06FF1FFB721D00972CF1 /* MASLayoutConstraint.m */; };
		578F07141FFB721D00972CF1 /* MASViewAttribute.m in Sources */ = {isa = PBXBuildFile; fileRef = 578F07031FFB721D00972CF1 /* MASViewAttribute.m */; };
		578F07151FFB721D00972CF1 /* MASViewConstraint.m in Sources */ = {isa = PBXBuildFile; fileRef = 578F07051FFB721D00972CF1 /* MASViewConstraint.m */; };
		578F07161FFB721D00972CF1 /* NSArray+MASAdditions.m in Sources */ = {isa = PBXBuildFile; fileRef = 578F07071FFB721D00972CF1 /* NSArray+MASAdditions.m */; };
		578F07171FFB721D00972CF1 /* NSLayoutConstraint+MASDebugAdditions.m in Sources */ = {isa = PBXBuildFile; fileRef = 578F070A1FFB721D00972CF1 /* NSLayoutConstraint+MASDebugAdditions.m */; };
		578F07181FFB721D00972CF1 /* View+MASAdditions.m in Sources */ = {isa = PBXBuildFile; fileRef = 578F070C1FFB721D00972CF1 /* View+MASAdditions.m */; };
		578F07191FFB721D00972CF1 /* ViewController+MASAdditions.m in Sources */ = {isa = PBXBuildFile; fileRef = 578F070F1FFB721D00972CF1 /* ViewController+MASAdditions.m */; };
		578F07221FFCD14400972CF1 /* RCLoginViewController.m in Sources */ = {isa = PBXBuildFile; fileRef = 578F07211FFCD14400972CF1 /* RCLoginViewController.m */; };
		578F07251FFCD15B00972CF1 /* RCRegisterViewController.m in Sources */ = {isa = PBXBuildFile; fileRef = 578F07241FFCD15B00972CF1 /* RCRegisterViewController.m */; };
		578F07281FFCD20100972CF1 /* RCLoginView.m in Sources */ = {isa = PBXBuildFile; fileRef = 578F07271FFCD20100972CF1 /* RCLoginView.m */; };
		578F072B1FFCE14C00972CF1 /* RCRegisterView.m in Sources */ = {isa = PBXBuildFile; fileRef = 578F072A1FFCE14C00972CF1 /* RCRegisterView.m */; };
/* End PBXBuildFile section */

/* Begin PBXContainerItemProxy section */
		5701065E1FDF787D00062722 /* PBXContainerItemProxy */ = {
			isa = PBXContainerItemProxy;
			containerPortal = 5701063C1FDF787D00062722 /* Project object */;
			proxyType = 1;
			remoteGlobalIDString = 570106431FDF787D00062722;
			remoteInfo = VastNews;
		};
		570106691FDF787D00062722 /* PBXContainerItemProxy */ = {
			isa = PBXContainerItemProxy;
			containerPortal = 5701063C1FDF787D00062722 /* Project object */;
			proxyType = 1;
			remoteGlobalIDString = 570106431FDF787D00062722;
			remoteInfo = VastNews;
		};
/* End PBXContainerItemProxy section */

/* Begin PBXFileReference section */
		570106441FDF787D00062722 /* VastNews.app */ = {isa = PBXFileReference; explicitFileType = wrapper.application; includeInIndex = 0; path = VastNews.app; sourceTree = BUILT_PRODUCTS_DIR; };
		570106481FDF787D00062722 /* main.m */ = {isa = PBXFileReference; lastKnownFileType = sourcecode.c.objc; path = main.m; sourceTree = "<group>"; };
		5701064A1FDF787D00062722 /* AppDelegate.h */ = {isa = PBXFileReference; lastKnownFileType = sourcecode.c.h; path = AppDelegate.h; sourceTree = "<group>"; };
		5701064B1FDF787D00062722 /* AppDelegate.m */ = {isa = PBXFileReference; lastKnownFileType = sourcecode.c.objc; path = AppDelegate.m; sourceTree = "<group>"; };
		570106531FDF787D00062722 /* Assets.xcassets */ = {isa = PBXFileReference; lastKnownFileType = folder.assetcatalog; path = Assets.xcassets; sourceTree = "<group>"; };
		570106561FDF787D00062722 /* Base */ = {isa = PBXFileReference; lastKnownFileType = file.storyboard; name = Base; path = Base.lproj/LaunchScreen.storyboard; sourceTree = "<group>"; };
		570106581FDF787D00062722 /* Info.plist */ = {isa = PBXFileReference; lastKnownFileType = text.plist.xml; path = Info.plist; sourceTree = "<group>"; };
		5701065D1FDF787D00062722 /* VastNewsTests.xctest */ = {isa = PBXFileReference; explicitFileType = wrapper.cfbundle; includeInIndex = 0; path = VastNewsTests.xctest; sourceTree = BUILT_PRODUCTS_DIR; };
		570106611FDF787D00062722 /* VastNewsTests.m */ = {isa = PBXFileReference; lastKnownFileType = sourcecode.c.objc; path = VastNewsTests.m; sourceTree = "<group>"; };
		570106631FDF787D00062722 /* Info.plist */ = {isa = PBXFileReference; lastKnownFileType = text.plist.xml; path = Info.plist; sourceTree = "<group>"; };
		570106681FDF787D00062722 /* VastNewsUITests.xctest */ = {isa = PBXFileReference; explicitFileType = wrapper.cfbundle; includeInIndex = 0; path = VastNewsUITests.xctest; sourceTree = BUILT_PRODUCTS_DIR; };
		5701066C1FDF787D00062722 /* VastNewsUITests.m */ = {isa = PBXFileReference; lastKnownFileType = sourcecode.c.objc; path = VastNewsUITests.m; sourceTree = "<group>"; };
		5701066E1FDF787D00062722 /* Info.plist */ = {isa = PBXFileReference; lastKnownFileType = text.plist.xml; path = Info.plist; sourceTree = "<group>"; };
		5701067A1FDF799B00062722 /* RCTabbarController.h */ = {isa = PBXFileReference; fileEncoding = 4; lastKnownFileType = sourcecode.c.h; path = RCTabbarController.h; sourceTree = "<group>"; };
		5701067B1FDF799B00062722 /* RCTabbarController.m */ = {isa = PBXFileReference; fileEncoding = 4; lastKnownFileType = sourcecode.c.objc; path = RCTabbarController.m; sourceTree = "<group>"; };
		5701068A1FDF835D00062722 /* PrefixHeader.pch */ = {isa = PBXFileReference; lastKnownFileType = sourcecode.c.h; path = PrefixHeader.pch; sourceTree = "<group>"; };
		5701068B1FDF848000062722 /* RCNewsViewController.h */ = {isa = PBXFileReference; fileEncoding = 4; lastKnownFileType = sourcecode.c.h; path = RCNewsViewController.h; sourceTree = "<group>"; };
		5701068C1FDF848000062722 /* RCNewsViewController.m */ = {isa = PBXFileReference; fileEncoding = 4; lastKnownFileType = sourcecode.c.objc; path = RCNewsViewController.m; sourceTree = "<group>"; };
		5701068E1FDF849700062722 /* RCONEViewController.h */ = {isa = PBXFileReference; fileEncoding = 4; lastKnownFileType = sourcecode.c.h; path = RCONEViewController.h; sourceTree = "<group>"; };
		5701068F1FDF849700062722 /* RCONEViewController.m */ = {isa = PBXFileReference; fileEncoding = 4; lastKnownFileType = sourcecode.c.objc; path = RCONEViewController.m; sourceTree = "<group>"; };
		570106911FDF8CF000062722 /* RCNewsTypeView.h */ = {isa = PBXFileReference; fileEncoding = 4; lastKnownFileType = sourcecode.c.h; path = RCNewsTypeView.h; sourceTree = "<group>"; };
		570106921FDF8CF000062722 /* RCNewsTypeView.m */ = {isa = PBXFileReference; fileEncoding = 4; lastKnownFileType = sourcecode.c.objc; path = RCNewsTypeView.m; sourceTree = "<group>"; };
		570106941FE155AE00062722 /* RCNewsTableView.h */ = {isa = PBXFileReference; fileEncoding = 4; lastKnownFileType = sourcecode.c.h; path = RCNewsTableView.h; sourceTree = "<group>"; };
		570106951FE155AE00062722 /* RCNewsTableView.m */ = {isa = PBXFileReference; fileEncoding = 4; lastKnownFileType = sourcecode.c.objc; path = RCNewsTableView.m; sourceTree = "<group>"; };
		570106971FE156C900062722 /* RCNewsADView.h */ = {isa = PBXFileReference; fileEncoding = 4; lastKnownFileType = sourcecode.c.h; path = RCNewsADView.h; sourceTree = "<group>"; };
		570106981FE156C900062722 /* RCNewsADView.m */ = {isa = PBXFileReference; fileEncoding = 4; lastKnownFileType = sourcecode.c.objc; path = RCNewsADView.m; sourceTree = "<group>"; };
		5701069A1FE159B100062722 /* RCNewsTableViewCell.h */ = {isa = PBXFileReference; fileEncoding = 4; lastKnownFileType = sourcecode.c.h; path = RCNewsTableViewCell.h; sourceTree = "<group>"; };
		5701069B1FE159B100062722 /* RCNewsTableViewCell.m */ = {isa = PBXFileReference; fileEncoding = 4; lastKnownFileType = sourcecode.c.objc; path = RCNewsTableViewCell.m; sourceTree = "<group>"; };
		578F06D71FE2660B00972CF1 /* NSTimer+RcAdViewUnretain.h */ = {isa = PBXFileReference; fileEncoding = 4; lastKnownFileType = sourcecode.c.h; path = "NSTimer+RcAdViewUnretain.h"; sourceTree = "<group>"; };
		578F06D81FE2660B00972CF1 /* NSTimer+RcAdViewUnretain.m */ = {isa = PBXFileReference; fileEncoding = 4; lastKnownFileType = sourcecode.c.objc; path = "NSTimer+RcAdViewUnretain.m"; sourceTree = "<group>"; };
		578F06DD1FEA0FAC00972CF1 /* AFHTTPSessionManager.h */ = {isa = PBXFileReference; fileEncoding = 4; lastKnownFileType = sourcecode.c.h; path = AFHTTPSessionManager.h; sourceTree = "<group>"; };
		578F06DE1FEA0FAC00972CF1 /* AFHTTPSessionManager.m */ = {isa = PBXFileReference; fileEncoding = 4; lastKnownFileType = sourcecode.c.objc; path = AFHTTPSessionManager.m; sourceTree = "<group>"; };
		578F06DF1FEA0FAC00972CF1 /* AFNetworking.h */ = {isa = PBXFileReference; fileEncoding = 4; lastKnownFileType = sourcecode.c.h; path = AFNetworking.h; sourceTree = "<group>"; };
		578F06E01FEA0FAC00972CF1 /* AFNetworkReachabilityManager.h */ = {isa = PBXFileReference; fileEncoding = 4; lastKnownFileType = sourcecode.c.h; path = AFNetworkReachabilityManager.h; sourceTree = "<group>"; };
		578F06E11FEA0FAC00972CF1 /* AFNetworkReachabilityManager.m */ = {isa = PBXFileReference; fileEncoding = 4; lastKnownFileType = sourcecode.c.objc; path = AFNetworkReachabilityManager.m; sourceTree = "<group>"; };
		578F06E21FEA0FAC00972CF1 /* AFSecurityPolicy.h */ = {isa = PBXFileReference; fileEncoding = 4; lastKnownFileType = sourcecode.c.h; path = AFSecurityPolicy.h; sourceTree = "<group>"; };
		578F06E31FEA0FAC00972CF1 /* AFSecurityPolicy.m */ = {isa = PBXFileReference; fileEncoding = 4; lastKnownFileType = sourcecode.c.objc; path = AFSecurityPolicy.m; sourceTree = "<group>"; };
		578F06E41FEA0FAC00972CF1 /* AFURLRequestSerialization.h */ = {isa = PBXFileReference; fileEncoding = 4; lastKnownFileType = sourcecode.c.h; path = AFURLRequestSerialization.h; sourceTree = "<group>"; };
		578F06E51FEA0FAC00972CF1 /* AFURLRequestSerialization.m */ = {isa = PBXFileReference; fileEncoding = 4; lastKnownFileType = sourcecode.c.objc; path = AFURLRequestSerialization.m; sourceTree = "<group>"; };
		578F06E61FEA0FAC00972CF1 /* AFURLResponseSerialization.h */ = {isa = PBXFileReference; fileEncoding = 4; lastKnownFileType = sourcecode.c.h; path = AFURLResponseSerialization.h; sourceTree = "<group>"; };
		578F06E71FEA0FAC00972CF1 /* AFURLResponseSerialization.m */ = {isa = PBXFileReference; fileEncoding = 4; lastKnownFileType = sourcecode.c.objc; path = AFURLResponseSerialization.m; sourceTree = "<group>"; };
		578F06E81FEA0FAC00972CF1 /* AFURLSessionManager.h */ = {isa = PBXFileReference; fileEncoding = 4; lastKnownFileType = sourcecode.c.h; path = AFURLSessionManager.h; sourceTree = "<group>"; };
		578F06E91FEA0FAC00972CF1 /* AFURLSessionManager.m */ = {isa = PBXFileReference; fileEncoding = 4; lastKnownFileType = sourcecode.c.objc; path = AFURLSessionManager.m; sourceTree = "<group>"; };
		578F06F01FEA8D7600972CF1 /* RCNewsDetailViewController.h */ = {isa = PBXFileReference; fileEncoding = 4; lastKnownFileType = sourcecode.c.h; path = RCNewsDetailViewController.h; sourceTree = "<group>"; };
		578F06F11FEA8D7600972CF1 /* RCNewsDetailViewController.m */ = {isa = PBXFileReference; fileEncoding = 4; lastKnownFileType = sourcecode.c.objc; path = RCNewsDetailViewController.m; sourceTree = "<group>"; };
		578F06F31FFB710700972CF1 /* RCOneView.h */ = {isa = PBXFileReference; fileEncoding = 4; lastKnownFileType = sourcecode.c.h; path = RCOneView.h; sourceTree = "<group>"; };
		578F06F41FFB710700972CF1 /* RCOneView.m */ = {isa = PBXFileReference; fileEncoding = 4; lastKnownFileType = sourcecode.c.objc; path = RCOneView.m; sourceTree = "<group>"; };
		578F06F71FFB721D00972CF1 /* MASCompositeConstraint.h */ = {isa = PBXFileReference; fileEncoding = 4; lastKnownFileType = sourcecode.c.h; path = MASCompositeConstraint.h; sourceTree = "<group>"; };
		578F06F81FFB721D00972CF1 /* MASCompositeConstraint.m */ = {isa = PBXFileReference; fileEncoding = 4; lastKnownFileType = sourcecode.c.objc; path = MASCompositeConstraint.m; sourceTree = "<group>"; };
		578F06F91FFB721D00972CF1 /* MASConstraint+Private.h */ = {isa = PBXFileReference; fileEncoding = 4; lastKnownFileType = sourcecode.c.h; path = "MASConstraint+Private.h"; sourceTree = "<group>"; };
		578F06FA1FFB721D00972CF1 /* MASConstraint.h */ = {isa = PBXFileReference; fileEncoding = 4; lastKnownFileType = sourcecode.c.h; path = MASConstraint.h; sourceTree = "<group>"; };
		578F06FB1FFB721D00972CF1 /* MASConstraint.m */ = {isa = PBXFileReference; fileEncoding = 4; lastKnownFileType = sourcecode.c.objc; path = MASConstraint.m; sourceTree = "<group>"; };
		578F06FC1FFB721D00972CF1 /* MASConstraintMaker.h */ = {isa = PBXFileReference; fileEncoding = 4; lastKnownFileType = sourcecode.c.h; path = MASConstraintMaker.h; sourceTree = "<group>"; };
		578F06FD1FFB721D00972CF1 /* MASConstraintMaker.m */ = {isa = PBXFileReference; fileEncoding = 4; lastKnownFileType = sourcecode.c.objc; path = MASConstraintMaker.m; sourceTree = "<group>"; };
		578F06FE1FFB721D00972CF1 /* MASLayoutConstraint.h */ = {isa = PBXFileReference; fileEncoding = 4; lastKnownFileType = sourcecode.c.h; path = MASLayoutConstraint.h; sourceTree = "<group>"; };
		578F06FF1FFB721D00972CF1 /* MASLayoutConstraint.m */ = {isa = PBXFileReference; fileEncoding = 4; lastKnownFileType = sourcecode.c.objc; path = MASLayoutConstraint.m; sourceTree = "<group>"; };
		578F07001FFB721D00972CF1 /* Masonry.h */ = {isa = PBXFileReference; fileEncoding = 4; lastKnownFileType = sourcecode.c.h; path = Masonry.h; sourceTree = "<group>"; };
		578F07011FFB721D00972CF1 /* MASUtilities.h */ = {isa = PBXFileReference; fileEncoding = 4; lastKnownFileType = sourcecode.c.h; path = MASUtilities.h; sourceTree = "<group>"; };
		578F07021FFB721D00972CF1 /* MASViewAttribute.h */ = {isa = PBXFileReference; fileEncoding = 4; lastKnownFileType = sourcecode.c.h; path = MASViewAttribute.h; sourceTree = "<group>"; };
		578F07031FFB721D00972CF1 /* MASViewAttribute.m */ = {isa = PBXFileReference; fileEncoding = 4; lastKnownFileType = sourcecode.c.objc; path = MASViewAttribute.m; sourceTree = "<group>"; };
		578F07041FFB721D00972CF1 /* MASViewConstraint.h */ = {isa = PBXFileReference; fileEncoding = 4; lastKnownFileType = sourcecode.c.h; path = MASViewConstraint.h; sourceTree = "<group>"; };
		578F07051FFB721D00972CF1 /* MASViewConstraint.m */ = {isa = PBXFileReference; fileEncoding = 4; lastKnownFileType = sourcecode.c.objc; path = MASViewConstraint.m; sourceTree = "<group>"; };
		578F07061FFB721D00972CF1 /* NSArray+MASAdditions.h */ = {isa = PBXFileReference; fileEncoding = 4; lastKnownFileType = sourcecode.c.h; path = "NSArray+MASAdditions.h"; sourceTree = "<group>"; };
		578F07071FFB721D00972CF1 /* NSArray+MASAdditions.m */ = {isa = PBXFileReference; fileEncoding = 4; lastKnownFileType = sourcecode.c.objc; path = "NSArray+MASAdditions.m"; sourceTree = "<group>"; };
		578F07081FFB721D00972CF1 /* NSArray+MASShorthandAdditions.h */ = {isa = PBXFileReference; fileEncoding = 4; lastKnownFileType = sourcecode.c.h; path = "NSArray+MASShorthandAdditions.h"; sourceTree = "<group>"; };
		578F07091FFB721D00972CF1 /* NSLayoutConstraint+MASDebugAdditions.h */ = {isa = PBXFileReference; fileEncoding = 4; lastKnownFileType = sourcecode.c.h; path = "NSLayoutConstraint+MASDebugAdditions.h"; sourceTree = "<group>"; };
		578F070A1FFB721D00972CF1 /* NSLayoutConstraint+MASDebugAdditions.m */ = {isa = PBXFileReference; fileEncoding = 4; lastKnownFileType = sourcecode.c.objc; path = "NSLayoutConstraint+MASDebugAdditions.m"; sourceTree = "<group>"; };
		578F070B1FFB721D00972CF1 /* View+MASAdditions.h */ = {isa = PBXFileReference; fileEncoding = 4; lastKnownFileType = sourcecode.c.h; path = "View+MASAdditions.h"; sourceTree = "<group>"; };
		578F070C1FFB721D00972CF1 /* View+MASAdditions.m */ = {isa = PBXFileReference; fileEncoding = 4; lastKnownFileType = sourcecode.c.objc; path = "View+MASAdditions.m"; sourceTree = "<group>"; };
		578F070D1FFB721D00972CF1 /* View+MASShorthandAdditions.h */ = {isa = PBXFileReference; fileEncoding = 4; lastKnownFileType = sourcecode.c.h; path = "View+MASShorthandAdditions.h"; sourceTree = "<group>"; };
		578F070E1FFB721D00972CF1 /* ViewController+MASAdditions.h */ = {isa = PBXFileReference; fileEncoding = 4; lastKnownFileType = sourcecode.c.h; path = "ViewController+MASAdditions.h"; sourceTree = "<group>"; };
		578F070F1FFB721D00972CF1 /* ViewController+MASAdditions.m */ = {isa = PBXFileReference; fileEncoding = 4; lastKnownFileType = sourcecode.c.objc; path = "ViewController+MASAdditions.m"; sourceTree = "<group>"; };
		578F07201FFCD14400972CF1 /* RCLoginViewController.h */ = {isa = PBXFileReference; fileEncoding = 4; lastKnownFileType = sourcecode.c.h; path = RCLoginViewController.h; sourceTree = "<group>"; };
		578F07211FFCD14400972CF1 /* RCLoginViewController.m */ = {isa = PBXFileReference; fileEncoding = 4; lastKnownFileType = sourcecode.c.objc; path = RCLoginViewController.m; sourceTree = "<group>"; };
		578F07231FFCD15B00972CF1 /* RCRegisterViewController.h */ = {isa = PBXFileReference; fileEncoding = 4; lastKnownFileType = sourcecode.c.h; path = RCRegisterViewController.h; sourceTree = "<group>"; };
		578F07241FFCD15B00972CF1 /* RCRegisterViewController.m */ = {isa = PBXFileReference; fileEncoding = 4; lastKnownFileType = sourcecode.c.objc; path = RCRegisterViewController.m; sourceTree = "<group>"; };
		578F07261FFCD20100972CF1 /* RCLoginView.h */ = {isa = PBXFileReference; fileEncoding = 4; lastKnownFileType = sourcecode.c.h; path = RCLoginView.h; sourceTree = "<group>"; };
		578F07271FFCD20100972CF1 /* RCLoginView.m */ = {isa = PBXFileReference; fileEncoding = 4; lastKnownFileType = sourcecode.c.objc; path = RCLoginView.m; sourceTree = "<group>"; };
		578F07291FFCE14C00972CF1 /* RCRegisterView.h */ = {isa = PBXFileReference; fileEncoding = 4; lastKnownFileType = sourcecode.c.h; path = RCRegisterView.h; sourceTree = "<group>"; };
		578F072A1FFCE14C00972CF1 /* RCRegisterView.m */ = {isa = PBXFileReference; fileEncoding = 4; lastKnownFileType = sourcecode.c.objc; path = RCRegisterView.m; sourceTree = "<group>"; };
/* End PBXFileReference section */

/* Begin PBXFrameworksBuildPhase section */
		570106411FDF787D00062722 /* Frameworks */ = {
			isa = PBXFrameworksBuildPhase;
			buildActionMask = 2147483647;
			files = (
			);
			runOnlyForDeploymentPostprocessing = 0;
		};
		5701065A1FDF787D00062722 /* Frameworks */ = {
			isa = PBXFrameworksBuildPhase;
			buildActionMask = 2147483647;
			files = (
			);
			runOnlyForDeploymentPostprocessing = 0;
		};
		570106651FDF787D00062722 /* Frameworks */ = {
			isa = PBXFrameworksBuildPhase;
			buildActionMask = 2147483647;
			files = (
			);
			runOnlyForDeploymentPostprocessing = 0;
		};
/* End PBXFrameworksBuildPhase section */

/* Begin PBXGroup section */
		5701063B1FDF787D00062722 = {
			isa = PBXGroup;
			children = (
				570106461FDF787D00062722 /* VastNews */,
				570106601FDF787D00062722 /* VastNewsTests */,
				5701066B1FDF787D00062722 /* VastNewsUITests */,
				570106451FDF787D00062722 /* Products */,
			);
			sourceTree = "<group>";
		};
		570106451FDF787D00062722 /* Products */ = {
			isa = PBXGroup;
			children = (
				570106441FDF787D00062722 /* VastNews.app */,
				5701065D1FDF787D00062722 /* VastNewsTests.xctest */,
				570106681FDF787D00062722 /* VastNewsUITests.xctest */,
			);
			name = Products;
			sourceTree = "<group>";
		};
		570106461FDF787D00062722 /* VastNews */ = {
			isa = PBXGroup;
			children = (
				5701064A1FDF787D00062722 /* AppDelegate.h */,
				5701064B1FDF787D00062722 /* AppDelegate.m */,
				5701067A1FDF799B00062722 /* RCTabbarController.h */,
				5701067B1FDF799B00062722 /* RCTabbarController.m */,
				570106811FDF7DB600062722 /* LeftView */,
				5701067D1FDF7B0700062722 /* 1.News */,
				5701067E1FDF7B7E00062722 /* 2.ONE */,
				570106801FDF7D9F00062722 /* Config */,
				5701067F1FDF7D1500062722 /* Library */,
				570106471FDF787D00062722 /* Supporting Files */,
			);
			path = VastNews;
			sourceTree = "<group>";
		};
		570106471FDF787D00062722 /* Supporting Files */ = {
			isa = PBXGroup;
			children = (
				570106581FDF787D00062722 /* Info.plist */,
				570106481FDF787D00062722 /* main.m */,
				570106551FDF787D00062722 /* LaunchScreen.storyboard */,
				570106531FDF787D00062722 /* Assets.xcassets */,
			);
			name = "Supporting Files";
			sourceTree = "<group>";
		};
		570106601FDF787D00062722 /* VastNewsTests */ = {
			isa = PBXGroup;
			children = (
				570106611FDF787D00062722 /* VastNewsTests.m */,
				570106631FDF787D00062722 /* Info.plist */,
			);
			path = VastNewsTests;
			sourceTree = "<group>";
		};
		5701066B1FDF787D00062722 /* VastNewsUITests */ = {
			isa = PBXGroup;
			children = (
				5701066C1FDF787D00062722 /* VastNewsUITests.m */,
				5701066E1FDF787D00062722 /* Info.plist */,
			);
			path = VastNewsUITests;
			sourceTree = "<group>";
		};
		5701067D1FDF7B0700062722 /* 1.News */ = {
			isa = PBXGroup;
			children = (
				570106821FDF7E4500062722 /* News_Model */,
				570106831FDF7E4F00062722 /* News_VIew */,
				570106841FDF7E5800062722 /* News_Controller */,
			);
			name = 1.News;
			sourceTree = "<group>";
		};
		5701067E1FDF7B7E00062722 /* 2.ONE */ = {
			isa = PBXGroup;
			children = (
				570106851FDF7E8A00062722 /* ONE_Model */,
				570106861FDF7E9900062722 /* ONE_View */,
				570106871FDF7EA300062722 /* ONE_Controller */,
			);
			name = 2.ONE;
			sourceTree = "<group>";
		};
		5701067F1FDF7D1500062722 /* Library */ = {
			isa = PBXGroup;
			children = (
				578F06F61FFB721D00972CF1 /* Masonry */,
				578F06DC1FEA0FAC00972CF1 /* AFNetworking */,
			);
			name = Library;
			sourceTree = "<group>";
		};
		570106801FDF7D9F00062722 /* Config */ = {
			isa = PBXGroup;
			children = (
				5701068A1FDF835D00062722 /* PrefixHeader.pch */,
				578F06D71FE2660B00972CF1 /* NSTimer+RcAdViewUnretain.h */,
				578F06D81FE2660B00972CF1 /* NSTimer+RcAdViewUnretain.m */,
			);
			name = Config;
			sourceTree = "<group>";
		};
		570106811FDF7DB600062722 /* LeftView */ = {
			isa = PBXGroup;
			children = (
				570106891FDF82DB00062722 /* Register */,
				570106881FDF82D400062722 /* Login */,
			);
			name = LeftView;
			sourceTree = "<group>";
		};
		570106821FDF7E4500062722 /* News_Model */ = {
			isa = PBXGroup;
			children = (
			);
			name = News_Model;
			sourceTree = "<group>";
		};
		570106831FDF7E4F00062722 /* News_VIew */ = {
			isa = PBXGroup;
			children = (
				570106911FDF8CF000062722 /* RCNewsTypeView.h */,
				570106921FDF8CF000062722 /* RCNewsTypeView.m */,
				570106971FE156C900062722 /* RCNewsADView.h */,
				570106981FE156C900062722 /* RCNewsADView.m */,
				570106941FE155AE00062722 /* RCNewsTableView.h */,
				570106951FE155AE00062722 /* RCNewsTableView.m */,
				5701069A1FE159B100062722 /* RCNewsTableViewCell.h */,
				5701069B1FE159B100062722 /* RCNewsTableViewCell.m */,
			);
			name = News_VIew;
			sourceTree = "<group>";
		};
		570106841FDF7E5800062722 /* News_Controller */ = {
			isa = PBXGroup;
			children = (
				5701068B1FDF848000062722 /* RCNewsViewController.h */,
				5701068C1FDF848000062722 /* RCNewsViewController.m */,
				578F06F01FEA8D7600972CF1 /* RCNewsDetailViewController.h */,
				578F06F11FEA8D7600972CF1 /* RCNewsDetailViewController.m */,
			);
			name = News_Controller;
			sourceTree = "<group>";
		};
		570106851FDF7E8A00062722 /* ONE_Model */ = {
			isa = PBXGroup;
			children = (
			);
			name = ONE_Model;
			sourceTree = "<group>";
		};
		570106861FDF7E9900062722 /* ONE_View */ = {
			isa = PBXGroup;
			children = (
				578F06F31FFB710700972CF1 /* RCOneView.h */,
				578F06F41FFB710700972CF1 /* RCOneView.m */,
			);
			name = ONE_View;
			sourceTree = "<group>";
		};
		570106871FDF7EA300062722 /* ONE_Controller */ = {
			isa = PBXGroup;
			children = (
				5701068E1FDF849700062722 /* RCONEViewController.h */,
				5701068F1FDF849700062722 /* RCONEViewController.m */,
			);
			name = ONE_Controller;
			sourceTree = "<group>";
		};
		570106881FDF82D400062722 /* Login */ = {
			isa = PBXGroup;
			children = (
				578F07201FFCD14400972CF1 /* RCLoginViewController.h */,
				578F07211FFCD14400972CF1 /* RCLoginViewController.m */,
				578F07261FFCD20100972CF1 /* RCLoginView.h */,
				578F07271FFCD20100972CF1 /* RCLoginView.m */,
			);
			name = Login;
			sourceTree = "<group>";
		};
		570106891FDF82DB00062722 /* Register */ = {
			isa = PBXGroup;
			children = (
				578F07231FFCD15B00972CF1 /* RCRegisterViewController.h */,
				578F07241FFCD15B00972CF1 /* RCRegisterViewController.m */,
				578F07291FFCE14C00972CF1 /* RCRegisterView.h */,
				578F072A1FFCE14C00972CF1 /* RCRegisterView.m */,
			);
			name = Register;
			sourceTree = "<group>";
		};
		578F06DC1FEA0FAC00972CF1 /* AFNetworking */ = {
			isa = PBXGroup;
			children = (
				578F06DD1FEA0FAC00972CF1 /* AFHTTPSessionManager.h */,
				578F06DE1FEA0FAC00972CF1 /* AFHTTPSessionManager.m */,
				578F06DF1FEA0FAC00972CF1 /* AFNetworking.h */,
				578F06E01FEA0FAC00972CF1 /* AFNetworkReachabilityManager.h */,
				578F06E11FEA0FAC00972CF1 /* AFNetworkReachabilityManager.m */,
				578F06E21FEA0FAC00972CF1 /* AFSecurityPolicy.h */,
				578F06E31FEA0FAC00972CF1 /* AFSecurityPolicy.m */,
				578F06E41FEA0FAC00972CF1 /* AFURLRequestSerialization.h */,
				578F06E51FEA0FAC00972CF1 /* AFURLRequestSerialization.m */,
				578F06E61FEA0FAC00972CF1 /* AFURLResponseSerialization.h */,
				578F06E71FEA0FAC00972CF1 /* AFURLResponseSerialization.m */,
				578F06E81FEA0FAC00972CF1 /* AFURLSessionManager.h */,
				578F06E91FEA0FAC00972CF1 /* AFURLSessionManager.m */,
			);
			path = AFNetworking;
			sourceTree = "<group>";
		};
		578F06F61FFB721D00972CF1 /* Masonry */ = {
			isa = PBXGroup;
			children = (
				578F06F71FFB721D00972CF1 /* MASCompositeConstraint.h */,
				578F06F81FFB721D00972CF1 /* MASCompositeConstraint.m */,
				578F06F91FFB721D00972CF1 /* MASConstraint+Private.h */,
				578F06FA1FFB721D00972CF1 /* MASConstraint.h */,
				578F06FB1FFB721D00972CF1 /* MASConstraint.m */,
				578F06FC1FFB721D00972CF1 /* MASConstraintMaker.h */,
				578F06FD1FFB721D00972CF1 /* MASConstraintMaker.m */,
				578F06FE1FFB721D00972CF1 /* MASLayoutConstraint.h */,
				578F06FF1FFB721D00972CF1 /* MASLayoutConstraint.m */,
				578F07001FFB721D00972CF1 /* Masonry.h */,
				578F07011FFB721D00972CF1 /* MASUtilities.h */,
				578F07021FFB721D00972CF1 /* MASViewAttribute.h */,
				578F07031FFB721D00972CF1 /* MASViewAttribute.m */,
				578F07041FFB721D00972CF1 /* MASViewConstraint.h */,
				578F07051FFB721D00972CF1 /* MASViewConstraint.m */,
				578F07061FFB721D00972CF1 /* NSArray+MASAdditions.h */,
				578F07071FFB721D00972CF1 /* NSArray+MASAdditions.m */,
				578F07081FFB721D00972CF1 /* NSArray+MASShorthandAdditions.h */,
				578F07091FFB721D00972CF1 /* NSLayoutConstraint+MASDebugAdditions.h */,
				578F070A1FFB721D00972CF1 /* NSLayoutConstraint+MASDebugAdditions.m */,
				578F070B1FFB721D00972CF1 /* View+MASAdditions.h */,
				578F070C1FFB721D00972CF1 /* View+MASAdditions.m */,
				578F070D1FFB721D00972CF1 /* View+MASShorthandAdditions.h */,
				578F070E1FFB721D00972CF1 /* ViewController+MASAdditions.h */,
				578F070F1FFB721D00972CF1 /* ViewController+MASAdditions.m */,
			);
			path = Masonry;
			sourceTree = "<group>";
		};
/* End PBXGroup section */

/* Begin PBXNativeTarget section */
		570106431FDF787D00062722 /* VastNews */ = {
			isa = PBXNativeTarget;
			buildConfigurationList = 570106711FDF787D00062722 /* Build configuration list for PBXNativeTarget "VastNews" */;
			buildPhases = (
				570106401FDF787D00062722 /* Sources */,
				570106411FDF787D00062722 /* Frameworks */,
				570106421FDF787D00062722 /* Resources */,
			);
			buildRules = (
			);
			dependencies = (
			);
			name = VastNews;
			productName = VastNews;
			productReference = 570106441FDF787D00062722 /* VastNews.app */;
			productType = "com.apple.product-type.application";
		};
		5701065C1FDF787D00062722 /* VastNewsTests */ = {
			isa = PBXNativeTarget;
			buildConfigurationList = 570106741FDF787D00062722 /* Build configuration list for PBXNativeTarget "VastNewsTests" */;
			buildPhases = (
				570106591FDF787D00062722 /* Sources */,
				5701065A1FDF787D00062722 /* Frameworks */,
				5701065B1FDF787D00062722 /* Resources */,
			);
			buildRules = (
			);
			dependencies = (
				5701065F1FDF787D00062722 /* PBXTargetDependency */,
			);
			name = VastNewsTests;
			productName = VastNewsTests;
			productReference = 5701065D1FDF787D00062722 /* VastNewsTests.xctest */;
			productType = "com.apple.product-type.bundle.unit-test";
		};
		570106671FDF787D00062722 /* VastNewsUITests */ = {
			isa = PBXNativeTarget;
			buildConfigurationList = 570106771FDF787D00062722 /* Build configuration list for PBXNativeTarget "VastNewsUITests" */;
			buildPhases = (
				570106641FDF787D00062722 /* Sources */,
				570106651FDF787D00062722 /* Frameworks */,
				570106661FDF787D00062722 /* Resources */,
			);
			buildRules = (
			);
			dependencies = (
				5701066A1FDF787D00062722 /* PBXTargetDependency */,
			);
			name = VastNewsUITests;
			productName = VastNewsUITests;
			productReference = 570106681FDF787D00062722 /* VastNewsUITests.xctest */;
			productType = "com.apple.product-type.bundle.ui-testing";
		};
/* End PBXNativeTarget section */

/* Begin PBXProject section */
		5701063C1FDF787D00062722 /* Project object */ = {
			isa = PBXProject;
			attributes = {
				LastUpgradeCheck = 0820;
				ORGANIZATIONNAME = "任超";
				TargetAttributes = {
					570106431FDF787D00062722 = {
						CreatedOnToolsVersion = 8.2.1;
						ProvisioningStyle = Automatic;
					};
					5701065C1FDF787D00062722 = {
						CreatedOnToolsVersion = 8.2.1;
						ProvisioningStyle = Automatic;
						TestTargetID = 570106431FDF787D00062722;
					};
					570106671FDF787D00062722 = {
						CreatedOnToolsVersion = 8.2.1;
						ProvisioningStyle = Automatic;
						TestTargetID = 570106431FDF787D00062722;
					};
				};
			};
			buildConfigurationList = 5701063F1FDF787D00062722 /* Build configuration list for PBXProject "VastNews" */;
			compatibilityVersion = "Xcode 3.2";
			developmentRegion = English;
			hasScannedForEncodings = 0;
			knownRegions = (
				en,
				Base,
			);
			mainGroup = 5701063B1FDF787D00062722;
			productRefGroup = 570106451FDF787D00062722 /* Products */;
			projectDirPath = "";
			projectRoot = "";
			targets = (
				570106431FDF787D00062722 /* VastNews */,
				5701065C1FDF787D00062722 /* VastNewsTests */,
				570106671FDF787D00062722 /* VastNewsUITests */,
			);
		};
/* End PBXProject section */

/* Begin PBXResourcesBuildPhase section */
		570106421FDF787D00062722 /* Resources */ = {
			isa = PBXResourcesBuildPhase;
			buildActionMask = 2147483647;
			files = (
				570106571FDF787D00062722 /* LaunchScreen.storyboard in Resources */,
				570106541FDF787D00062722 /* Assets.xcassets in Resources */,
			);
			runOnlyForDeploymentPostprocessing = 0;
		};
		5701065B1FDF787D00062722 /* Resources */ = {
			isa = PBXResourcesBuildPhase;
			buildActionMask = 2147483647;
			files = (
			);
			runOnlyForDeploymentPostprocessing = 0;
		};
		570106661FDF787D00062722 /* Resources */ = {
			isa = PBXResourcesBuildPhase;
			buildActionMask = 2147483647;
			files = (
			);
			runOnlyForDeploymentPostprocessing = 0;
		};
/* End PBXResourcesBuildPhase section */

/* Begin PBXSourcesBuildPhase section */
		570106401FDF787D00062722 /* Sources */ = {
			isa = PBXSourcesBuildPhase;
			buildActionMask = 2147483647;
			files = (
				578F072B1FFCE14C00972CF1 /* RCRegisterView.m in Sources */,
				578F06F51FFB710800972CF1 /* RCOneView.m in Sources */,
				5701067C1FDF799B00062722 /* RCTabbarController.m in Sources */,
				5701064C1FDF787D00062722 /* AppDelegate.m in Sources */,
				5701069C1FE159B100062722 /* RCNewsTableViewCell.m in Sources */,
				578F07111FFB721D00972CF1 /* MASConstraint.m in Sources */,
				578F07281FFCD20100972CF1 /* RCLoginView.m in Sources */,
				578F07141FFB721D00972CF1 /* MASViewAttribute.m in Sources */,
				570106901FDF849700062722 /* RCONEViewController.m in Sources */,
				578F07101FFB721D00972CF1 /* MASCompositeConstraint.m in Sources */,
				578F07181FFB721D00972CF1 /* View+MASAdditions.m in Sources */,
				578F06F21FEA8D7600972CF1 /* RCNewsDetailViewController.m in Sources */,
				578F06EE1FEA0FAC00972CF1 /* AFURLResponseSerialization.m in Sources */,
				570106991FE156C900062722 /* RCNewsADView.m in Sources */,
				578F06ED1FEA0FAC00972CF1 /* AFURLRequestSerialization.m in Sources */,
				578F07161FFB721D00972CF1 /* NSArray+MASAdditions.m in Sources */,
				578F07171FFB721D00972CF1 /* NSLayoutConstraint+MASDebugAdditions.m in Sources */,
				578F06EA1FEA0FAC00972CF1 /* AFHTTPSessionManager.m in Sources */,
				578F07251FFCD15B00972CF1 /* RCRegisterViewController.m in Sources */,
				5701068D1FDF848000062722 /* RCNewsViewController.m in Sources */,
				578F06EF1FEA0FAC00972CF1 /* AFURLSessionManager.m in Sources */,
				578F07191FFB721D00972CF1 /* ViewController+MASAdditions.m in Sources */,
				578F07151FFB721D00972CF1 /* MASViewConstraint.m in Sources */,
				578F07121FFB721D00972CF1 /* MASConstraintMaker.m in Sources */,
				570106961FE155AE00062722 /* RCNewsTableView.m in Sources */,
				578F07221FFCD14400972CF1 /* RCLoginViewController.m in Sources */,
				578F06D91FE2660B00972CF1 /* NSTimer+RcAdViewUnretain.m in Sources */,
				578F06EC1FEA0FAC00972CF1 /* AFSecurityPolicy.m in Sources */,
				578F07131FFB721D00972CF1 /* MASLayoutConstraint.m in Sources */,
				570106931FDF8CF000062722 /* RCNewsTypeView.m in Sources */,
				578F06EB1FEA0FAC00972CF1 /* AFNetworkReachabilityManager.m in Sources */,
				570106491FDF787D00062722 /* main.m in Sources */,
			);
			runOnlyForDeploymentPostprocessing = 0;
		};
		570106591FDF787D00062722 /* Sources */ = {
			isa = PBXSourcesBuildPhase;
			buildActionMask = 2147483647;
			files = (
				570106621FDF787D00062722 /* VastNewsTests.m in Sources */,
			);
			runOnlyForDeploymentPostprocessing = 0;
		};
		570106641FDF787D00062722 /* Sources */ = {
			isa = PBXSourcesBuildPhase;
			buildActionMask = 2147483647;
			files = (
				5701066D1FDF787D00062722 /* VastNewsUITests.m in Sources */,
			);
			runOnlyForDeploymentPostprocessing = 0;
		};
/* End PBXSourcesBuildPhase section */

/* Begin PBXTargetDependency section */
		5701065F1FDF787D00062722 /* PBXTargetDependency */ = {
			isa = PBXTargetDependency;
			target = 570106431FDF787D00062722 /* VastNews */;
			targetProxy = 5701065E1FDF787D00062722 /* PBXContainerItemProxy */;
		};
		5701066A1FDF787D00062722 /* PBXTargetDependency */ = {
			isa = PBXTargetDependency;
			target = 570106431FDF787D00062722 /* VastNews */;
			targetProxy = 570106691FDF787D00062722 /* PBXContainerItemProxy */;
		};
/* End PBXTargetDependency section */

/* Begin PBXVariantGroup section */
		570106551FDF787D00062722 /* LaunchScreen.storyboard */ = {
			isa = PBXVariantGroup;
			children = (
				570106561FDF787D00062722 /* Base */,
			);
			name = LaunchScreen.storyboard;
			sourceTree = "<group>";
		};
/* End PBXVariantGroup section */

/* Begin XCBuildConfiguration section */
		5701066F1FDF787D00062722 /* Debug */ = {
			isa = XCBuildConfiguration;
			buildSettings = {
				ALWAYS_SEARCH_USER_PATHS = NO;
				CLANG_ANALYZER_NONNULL = YES;
				CLANG_CXX_LANGUAGE_STANDARD = "gnu++0x";
				CLANG_CXX_LIBRARY = "libc++";
				CLANG_ENABLE_MODULES = YES;
				CLANG_ENABLE_OBJC_ARC = YES;
				CLANG_WARN_BOOL_CONVERSION = YES;
				CLANG_WARN_CONSTANT_CONVERSION = YES;
				CLANG_WARN_DIRECT_OBJC_ISA_USAGE = YES_ERROR;
				CLANG_WARN_DOCUMENTATION_COMMENTS = YES;
				CLANG_WARN_EMPTY_BODY = YES;
				CLANG_WARN_ENUM_CONVERSION = YES;
				CLANG_WARN_INFINITE_RECURSION = YES;
				CLANG_WARN_INT_CONVERSION = YES;
				CLANG_WARN_OBJC_ROOT_CLASS = YES_ERROR;
				CLANG_WARN_SUSPICIOUS_MOVE = YES;
				CLANG_WARN_UNREACHABLE_CODE = YES;
				CLANG_WARN__DUPLICATE_METHOD_MATCH = YES;
				"CODE_SIGN_IDENTITY[sdk=iphoneos*]" = "iPhone Developer";
				COPY_PHASE_STRIP = NO;
				DEBUG_INFORMATION_FORMAT = dwarf;
				ENABLE_STRICT_OBJC_MSGSEND = YES;
				ENABLE_TESTABILITY = YES;
				GCC_C_LANGUAGE_STANDARD = gnu99;
				GCC_DYNAMIC_NO_PIC = NO;
				GCC_NO_COMMON_BLOCKS = YES;
				GCC_OPTIMIZATION_LEVEL = 0;
				GCC_PREPROCESSOR_DEFINITIONS = (
					"DEBUG=1",
					"$(inherited)",
				);
				GCC_WARN_64_TO_32_BIT_CONVERSION = YES;
				GCC_WARN_ABOUT_RETURN_TYPE = YES_ERROR;
				GCC_WARN_UNDECLARED_SELECTOR = YES;
				GCC_WARN_UNINITIALIZED_AUTOS = YES_AGGRESSIVE;
				GCC_WARN_UNUSED_FUNCTION = YES;
				GCC_WARN_UNUSED_VARIABLE = YES;
				IPHONEOS_DEPLOYMENT_TARGET = 10.2;
				MTL_ENABLE_DEBUG_INFO = YES;
				ONLY_ACTIVE_ARCH = YES;
				SDKROOT = iphoneos;
			};
			name = Debug;
		};
		570106701FDF787D00062722 /* Release */ = {
			isa = XCBuildConfiguration;
			buildSettings = {
				ALWAYS_SEARCH_USER_PATHS = NO;
				CLANG_ANALYZER_NONNULL = YES;
				CLANG_CXX_LANGUAGE_STANDARD = "gnu++0x";
				CLANG_CXX_LIBRARY = "libc++";
				CLANG_ENABLE_MODULES = YES;
				CLANG_ENABLE_OBJC_ARC = YES;
				CLANG_WARN_BOOL_CONVERSION = YES;
				CLANG_WARN_CONSTANT_CONVERSION = YES;
				CLANG_WARN_DIRECT_OBJC_ISA_USAGE = YES_ERROR;
				CLANG_WARN_DOCUMENTATION_COMMENTS = YES;
				CLANG_WARN_EMPTY_BODY = YES;
				CLANG_WARN_ENUM_CONVERSION = YES;
				CLANG_WARN_INFINITE_RECURSION = YES;
				CLANG_WARN_INT_CONVERSION = YES;
				CLANG_WARN_OBJC_ROOT_CLASS = YES_ERROR;
				CLANG_WARN_SUSPICIOUS_MOVE = YES;
				CLANG_WARN_UNREACHABLE_CODE = YES;
				CLANG_WARN__DUPLICATE_METHOD_MATCH = YES;
				"CODE_SIGN_IDENTITY[sdk=iphoneos*]" = "iPhone Developer";
				COPY_PHASE_STRIP = NO;
				DEBUG_INFORMATION_FORMAT = "dwarf-with-dsym";
				ENABLE_NS_ASSERTIONS = NO;
				ENABLE_STRICT_OBJC_MSGSEND = YES;
				GCC_C_LANGUAGE_STANDARD = gnu99;
				GCC_NO_COMMON_BLOCKS = YES;
				GCC_WARN_64_TO_32_BIT_CONVERSION = YES;
				GCC_WARN_ABOUT_RETURN_TYPE = YES_ERROR;
				GCC_WARN_UNDECLARED_SELECTOR = YES;
				GCC_WARN_UNINITIALIZED_AUTOS = YES_AGGRESSIVE;
				GCC_WARN_UNUSED_FUNCTION = YES;
				GCC_WARN_UNUSED_VARIABLE = YES;
				IPHONEOS_DEPLOYMENT_TARGET = 10.2;
				MTL_ENABLE_DEBUG_INFO = NO;
				SDKROOT = iphoneos;
				VALIDATE_PRODUCT = YES;
			};
			name = Release;
		};
		570106721FDF787D00062722 /* Debug */ = {
			isa = XCBuildConfiguration;
			buildSettings = {
				ASSETCATALOG_COMPILER_APPICON_NAME = AppIcon;
				GCC_PRECOMPILE_PREFIX_HEADER = YES;
				GCC_PREFIX_HEADER = /Users/renchao/Desktop/VastNews/VastNews/PrefixHeader.pch;
				INFOPLIST_FILE = VastNews/Info.plist;
				LD_RUNPATH_SEARCH_PATHS = "$(inherited) @executable_path/Frameworks";
				PRODUCT_BUNDLE_IDENTIFIER = renchao.VastNews;
				PRODUCT_NAME = "$(TARGET_NAME)";
			};
			name = Debug;
		};
		570106731FDF787D00062722 /* Release */ = {
			isa = XCBuildConfiguration;
			buildSettings = {
				ASSETCATALOG_COMPILER_APPICON_NAME = AppIcon;
				GCC_PRECOMPILE_PREFIX_HEADER = YES;
				GCC_PREFIX_HEADER = /Users/renchao/Desktop/VastNews/VastNews/PrefixHeader.pch;
				INFOPLIST_FILE = VastNews/Info.plist;
				LD_RUNPATH_SEARCH_PATHS = "$(inherited) @executable_path/Frameworks";
				PRODUCT_BUNDLE_IDENTIFIER = renchao.VastNews;
				PRODUCT_NAME = "$(TARGET_NAME)";
			};
			name = Release;
		};
		570106751FDF787D00062722 /* Debug */ = {
			isa = XCBuildConfiguration;
			buildSettings = {
				BUNDLE_LOADER = "$(TEST_HOST)";
				INFOPLIST_FILE = VastNewsTests/Info.plist;
				LD_RUNPATH_SEARCH_PATHS = "$(inherited) @executable_path/Frameworks @loader_path/Frameworks";
				PRODUCT_BUNDLE_IDENTIFIER = renchao.VastNewsTests;
				PRODUCT_NAME = "$(TARGET_NAME)";
				TEST_HOST = "$(BUILT_PRODUCTS_DIR)/VastNews.app/VastNews";
			};
			name = Debug;
		};
		570106761FDF787D00062722 /* Release */ = {
			isa = XCBuildConfiguration;
			buildSettings = {
				BUNDLE_LOADER = "$(TEST_HOST)";
				INFOPLIST_FILE = VastNewsTests/Info.plist;
				LD_RUNPATH_SEARCH_PATHS = "$(inherited) @executable_path/Frameworks @loader_path/Frameworks";
				PRODUCT_BUNDLE_IDENTIFIER = renchao.VastNewsTests;
				PRODUCT_NAME = "$(TARGET_NAME)";
				TEST_HOST = "$(BUILT_PRODUCTS_DIR)/VastNews.app/VastNews";
			};
			name = Release;
		};
		570106781FDF787D00062722 /* Debug */ = {
			isa = XCBuildConfiguration;
			buildSettings = {
				INFOPLIST_FILE = VastNewsUITests/Info.plist;
				LD_RUNPATH_SEARCH_PATHS = "$(inherited) @executable_path/Frameworks @loader_path/Frameworks";
				PRODUCT_BUNDLE_IDENTIFIER = renchao.VastNewsUITests;
				PRODUCT_NAME = "$(TARGET_NAME)";
				TEST_TARGET_NAME = VastNews;
			};
			name = Debug;
		};
		570106791FDF787D00062722 /* Release */ = {
			isa = XCBuildConfiguration;
			buildSettings = {
				INFOPLIST_FILE = VastNewsUITests/Info.plist;
				LD_RUNPATH_SEARCH_PATHS = "$(inherited) @executable_path/Frameworks @loader_path/Frameworks";
				PRODUCT_BUNDLE_IDENTIFIER = renchao.VastNewsUITests;
				PRODUCT_NAME = "$(TARGET_NAME)";
				TEST_TARGET_NAME = VastNews;
			};
			name = Release;
		};
/* End XCBuildConfiguration section */

/* Begin XCConfigurationList section */
		5701063F1FDF787D00062722 /* Build configuration list for PBXProject "VastNews" */ = {
			isa = XCConfigurationList;
			buildConfigurations = (
				5701066F1FDF787D00062722 /* Debug */,
				570106701FDF787D00062722 /* Release */,
			);
			defaultConfigurationIsVisible = 0;
			defaultConfigurationName = Release;
		};
		570106711FDF787D00062722 /* Build configuration list for PBXNativeTarget "VastNews" */ = {
			isa = XCConfigurationList;
			buildConfigurations = (
				570106721FDF787D00062722 /* Debug */,
				570106731FDF787D00062722 /* Release */,
			);
			defaultConfigurationIsVisible = 0;
			defaultConfigurationName = Release;
		};
		570106741FDF787D00062722 /* Build configuration list for PBXNativeTarget "VastNewsTests" */ = {
			isa = XCConfigurationList;
			buildConfigurations = (
				570106751FDF787D00062722 /* Debug */,
				570106761FDF787D00062722 /* Release */,
			);
			defaultConfigurationIsVisible = 0;
			defaultConfigurationName = Release;
		};
		570106771FDF787D00062722 /* Build configuration list for PBXNativeTarget "VastNewsUITests" */ = {
			isa = XCConfigurationList;
			buildConfigurations = (
				570106781FDF787D00062722 /* Debug */,
				570106791FDF787D00062722 /* Release */,
			);
			defaultConfigurationIsVisible = 0;
			defaultConfigurationName = Release;
		};
/* End XCConfigurationList section */
	};
	rootObject = 5701063C1FDF787D00062722 /* Project object */;
}
